
Microsoft Visual Studio Solution File, Format Version 12.00
# Visual Studio Version 16
VisualStudioVersion = 16.0.29215.179
MinimumVisualStudioVersion = 10.0.40219.1
Project("{FAE04EC0-301F-11D3-BF4B-00C04F79EFBC}") = "Deliverable-2-Conditional-Statement", "Deliverable-2-Conditional-Statement.csproj", "{0CEE1C31-FA79-4A02-97AD-E816A2F11531}"
EndProject
Global
	GlobalSection(SolutionConfigurationPlatforms) = preSolution
		Debug|Any CPU = Debug|Any CPU
		Release|Any CPU = Release|Any CPU
	EndGlobalSection
	GlobalSection(ProjectConfigurationPlatforms) = postSolution
		{0CEE1C31-FA79-4A02-97AD-E816A2F11531}.Debug|Any CPU.ActiveCfg = Debug|Any CPU
		{0CEE1C31-FA79-4A02-97AD-E816A2F11531}.Debug|Any CPU.Build.0 = Debug|Any CPU
		{0CEE1C31-FA79-4A02-97AD-E816A2F11531}.Release|Any CPU.ActiveCfg = Release|Any CPU
		{0CEE1C31-FA79-4A02-97AD-E816A2F11531}.Release|Any CPU.Build.0 = Release|Any CPU
	EndGlobalSection
	GlobalSection(SolutionProperties) = preSolution
		HideSolutionNode = FALSE
	EndGlobalSection
	GlobalSection(ExtensibilityGlobals) = postSolution
		SolutionGuid = {BEE2827B-457A-41F5-A3C1-BD2EE79045B2}
	EndGlobalSection
EndGlobal
